
Microsoft Visual Studio Solution File, Format Version 12.00
Project("{FAE04EC0-301F-11D3-BF4B-00C04F79EFBC}") = "Conflux.API", "Conflux.API\Conflux.API.csproj", "{CC2B3CBB-3552-42D5-B628-08BADB5511C9}"
EndProject
Project("{FAE04EC0-301F-11D3-BF4B-00C04F79EFBC}") = "Conflux.Domain", "Conflux.Domain\Conflux.Domain.csproj", "{494F4691-5E3F-4866-A0BF-4D9EFD0D4557}"
EndProject
Project("{FAE04EC0-301F-11D3-BF4B-00C04F79EFBC}") = "Conflux.Data", "Conflux.Data\Conflux.Data.csproj", "{616A6D06-793B-4209-8D5E-D5ACB62B6E0F}"
EndProject
Project("{FAE04EC0-301F-11D3-BF4B-00C04F79EFBC}") = "Conflux.Data.Tests", "Conflux.Data.Tests\Conflux.Data.Tests.csproj", "{888487E5-6900-4F9D-A312-7E0095FA75B4}"
EndProject
Project("{FAE04EC0-301F-11D3-BF4B-00C04F79EFBC}") = "Conflux.RepositoryConnections.NWOpen", "Conflux.RepositoryConnections.NWOpen\Conflux.RepositoryConnections.NWOpen.csproj", "{C12F79F5-9C65-46FF-B3EC-EEEA9203771D}"
EndProject
Project("{2150E333-8FDC-42A3-9474-1A3956D46DE8}") = "Data", "Data", "{35EC3A20-F7D5-4CA4-B9FF-8C020891A2C3}"
EndProject
Project("{2150E333-8FDC-42A3-9474-1A3956D46DE8}") = "RepositoryConnections", "RepositoryConnections", "{F4082EE5-089C-4FED-A12E-7223FDE6D994}"
EndProject
Project("{FAE04EC0-301F-11D3-BF4B-00C04F79EFBC}") = "Conflux.RepositoryConnections.Tests", "Conflux.RepositoryConnections.Tests\Conflux.RepositoryConnections.Tests.csproj", "{8070D7B0-A8FB-42DF-B6EE-99296EBF884D}"
EndProject
Project("{FAE04EC0-301F-11D3-BF4B-00C04F79EFBC}") = "Conflux.Domain.Logic", "Conflux.Domain.Logic\Conflux.Domain.Logic.csproj", "{BD0FE7A9-F3BD-411B-A138-F2E94A0716F4}"
EndProject
Project("{FAE04EC0-301F-11D3-BF4B-00C04F79EFBC}") = "Conflux.Domain.Logic.Tests", "Conflux.Domain.Logic.Tests\Conflux.Domain.Logic.Tests.csproj", "{FF8BC3AE-298B-410C-857B-9DDFD6DC1745}"
EndProject
Project("{2150E333-8FDC-42A3-9474-1A3956D46DE8}") = "Domain", "Domain", "{40F4DB12-9CD5-4BAD-9D33-9B9644FFCDDB}"
EndProject
Project("{FAE04EC0-301F-11D3-BF4B-00C04F79EFBC}") = "Conflux.API.Tests", "Conflux.API.Tests\Conflux.API.Tests.csproj", "{888AB2B8-8421-402E-B958-B9FFC6E3C939}"
EndProject
Project("{FAE04EC0-301F-11D3-BF4B-00C04F79EFBC}") = "Conflux.RepositoryConnections.SRAM", "Conflux.RepositoryConnections.SRAM\Conflux.RepositoryConnections.SRAM.csproj", "{D85B0B4F-63CA-4061-9A62-4FC1FC4815CE}"
EndProject
Global
	GlobalSection(SolutionConfigurationPlatforms) = preSolution
		Debug|Any CPU = Debug|Any CPU
		Release|Any CPU = Release|Any CPU
	EndGlobalSection
	GlobalSection(ProjectConfigurationPlatforms) = postSolution
		{CC2B3CBB-3552-42D5-B628-08BADB5511C9}.Debug|Any CPU.ActiveCfg = Debug|Any CPU
		{CC2B3CBB-3552-42D5-B628-08BADB5511C9}.Debug|Any CPU.Build.0 = Debug|Any CPU
		{CC2B3CBB-3552-42D5-B628-08BADB5511C9}.Release|Any CPU.ActiveCfg = Release|Any CPU
		{CC2B3CBB-3552-42D5-B628-08BADB5511C9}.Release|Any CPU.Build.0 = Release|Any CPU
		{494F4691-5E3F-4866-A0BF-4D9EFD0D4557}.Debug|Any CPU.ActiveCfg = Debug|Any CPU
		{494F4691-5E3F-4866-A0BF-4D9EFD0D4557}.Debug|Any CPU.Build.0 = Debug|Any CPU
		{494F4691-5E3F-4866-A0BF-4D9EFD0D4557}.Release|Any CPU.ActiveCfg = Release|Any CPU
		{494F4691-5E3F-4866-A0BF-4D9EFD0D4557}.Release|Any CPU.Build.0 = Release|Any CPU
		{616A6D06-793B-4209-8D5E-D5ACB62B6E0F}.Debug|Any CPU.ActiveCfg = Debug|Any CPU
		{616A6D06-793B-4209-8D5E-D5ACB62B6E0F}.Debug|Any CPU.Build.0 = Debug|Any CPU
		{616A6D06-793B-4209-8D5E-D5ACB62B6E0F}.Release|Any CPU.ActiveCfg = Release|Any CPU
		{616A6D06-793B-4209-8D5E-D5ACB62B6E0F}.Release|Any CPU.Build.0 = Release|Any CPU
		{888487E5-6900-4F9D-A312-7E0095FA75B4}.Debug|Any CPU.ActiveCfg = Debug|Any CPU
		{888487E5-6900-4F9D-A312-7E0095FA75B4}.Debug|Any CPU.Build.0 = Debug|Any CPU
		{888487E5-6900-4F9D-A312-7E0095FA75B4}.Release|Any CPU.ActiveCfg = Release|Any CPU
		{888487E5-6900-4F9D-A312-7E0095FA75B4}.Release|Any CPU.Build.0 = Release|Any CPU
		{C12F79F5-9C65-46FF-B3EC-EEEA9203771D}.Debug|Any CPU.ActiveCfg = Debug|Any CPU
		{C12F79F5-9C65-46FF-B3EC-EEEA9203771D}.Debug|Any CPU.Build.0 = Debug|Any CPU
		{C12F79F5-9C65-46FF-B3EC-EEEA9203771D}.Release|Any CPU.ActiveCfg = Release|Any CPU
		{C12F79F5-9C65-46FF-B3EC-EEEA9203771D}.Release|Any CPU.Build.0 = Release|Any CPU
		{8070D7B0-A8FB-42DF-B6EE-99296EBF884D}.Debug|Any CPU.ActiveCfg = Debug|Any CPU
		{8070D7B0-A8FB-42DF-B6EE-99296EBF884D}.Debug|Any CPU.Build.0 = Debug|Any CPU
		{8070D7B0-A8FB-42DF-B6EE-99296EBF884D}.Release|Any CPU.ActiveCfg = Release|Any CPU
		{8070D7B0-A8FB-42DF-B6EE-99296EBF884D}.Release|Any CPU.Build.0 = Release|Any CPU
		{BD0FE7A9-F3BD-411B-A138-F2E94A0716F4}.Debug|Any CPU.ActiveCfg = Debug|Any CPU
		{BD0FE7A9-F3BD-411B-A138-F2E94A0716F4}.Debug|Any CPU.Build.0 = Debug|Any CPU
		{BD0FE7A9-F3BD-411B-A138-F2E94A0716F4}.Release|Any CPU.ActiveCfg = Release|Any CPU
		{BD0FE7A9-F3BD-411B-A138-F2E94A0716F4}.Release|Any CPU.Build.0 = Release|Any CPU
		{FF8BC3AE-298B-410C-857B-9DDFD6DC1745}.Debug|Any CPU.ActiveCfg = Debug|Any CPU
		{FF8BC3AE-298B-410C-857B-9DDFD6DC1745}.Debug|Any CPU.Build.0 = Debug|Any CPU
		{FF8BC3AE-298B-410C-857B-9DDFD6DC1745}.Release|Any CPU.ActiveCfg = Release|Any CPU
		{FF8BC3AE-298B-410C-857B-9DDFD6DC1745}.Release|Any CPU.Build.0 = Release|Any CPU
		{888AB2B8-8421-402E-B958-B9FFC6E3C939}.Debug|Any CPU.ActiveCfg = Debug|Any CPU
		{888AB2B8-8421-402E-B958-B9FFC6E3C939}.Debug|Any CPU.Build.0 = Debug|Any CPU
		{888AB2B8-8421-402E-B958-B9FFC6E3C939}.Release|Any CPU.ActiveCfg = Release|Any CPU
		{888AB2B8-8421-402E-B958-B9FFC6E3C939}.Release|Any CPU.Build.0 = Release|Any CPU
		{D85B0B4F-63CA-4061-9A62-4FC1FC4815CE}.Debug|Any CPU.ActiveCfg = Debug|Any CPU
		{D85B0B4F-63CA-4061-9A62-4FC1FC4815CE}.Debug|Any CPU.Build.0 = Debug|Any CPU
		{D85B0B4F-63CA-4061-9A62-4FC1FC4815CE}.Release|Any CPU.ActiveCfg = Release|Any CPU
		{D85B0B4F-63CA-4061-9A62-4FC1FC4815CE}.Release|Any CPU.Build.0 = Release|Any CPU
	EndGlobalSection
	GlobalSection(NestedProjects) = preSolution
		{616A6D06-793B-4209-8D5E-D5ACB62B6E0F} = {35EC3A20-F7D5-4CA4-B9FF-8C020891A2C3}
		{888487E5-6900-4F9D-A312-7E0095FA75B4} = {35EC3A20-F7D5-4CA4-B9FF-8C020891A2C3}
		{C12F79F5-9C65-46FF-B3EC-EEEA9203771D} = {F4082EE5-089C-4FED-A12E-7223FDE6D994}
		{8070D7B0-A8FB-42DF-B6EE-99296EBF884D} = {F4082EE5-089C-4FED-A12E-7223FDE6D994}
		{494F4691-5E3F-4866-A0BF-4D9EFD0D4557} = {40F4DB12-9CD5-4BAD-9D33-9B9644FFCDDB}
		{BD0FE7A9-F3BD-411B-A138-F2E94A0716F4} = {40F4DB12-9CD5-4BAD-9D33-9B9644FFCDDB}
		{FF8BC3AE-298B-410C-857B-9DDFD6DC1745} = {40F4DB12-9CD5-4BAD-9D33-9B9644FFCDDB}
		{D85B0B4F-63CA-4061-9A62-4FC1FC4815CE} = {F4082EE5-089C-4FED-A12E-7223FDE6D994}
	EndGlobalSection
EndGlobal
