
Microsoft Visual Studio Solution File, Format Version 12.00
Project("{FAE04EC0-301F-11D3-BF4B-00C04F79EFBC}") = "OpenScience-Backend", "OpenScience-Backend\OpenScience-Backend.csproj", "{348082E6-5F8A-457A-A273-CE64970EAA46}"
EndProject
Global
	GlobalSection(SolutionConfigurationPlatforms) = preSolution
		Debug|Any CPU = Debug|Any CPU
		Release|Any CPU = Release|Any CPU
	EndGlobalSection
	GlobalSection(ProjectConfigurationPlatforms) = postSolution
		{348082E6-5F8A-457A-A273-CE64970EAA46}.Debug|Any CPU.ActiveCfg = Debug|Any CPU
		{348082E6-5F8A-457A-A273-CE64970EAA46}.Debug|Any CPU.Build.0 = Debug|Any CPU
		{348082E6-5F8A-457A-A273-CE64970EAA46}.Release|Any CPU.ActiveCfg = Release|Any CPU
		{348082E6-5F8A-457A-A273-CE64970EAA46}.Release|Any CPU.Build.0 = Release|Any CPU
	EndGlobalSection
EndGlobal
